
Microsoft Visual Studio Solution File, Format Version 12.00
# Visual Studio Version 17
VisualStudioVersion = 17.7.34031.279
MinimumVisualStudioVersion = 10.0.40219.1
Project("{FAE04EC0-301F-11D3-BF4B-00C04F79EFBC}") = "Lab4", "Lab4.csproj", "{180FE1E0-3698-4BDC-ADEC-F27E97C90B83}"
EndProject
Global
	GlobalSection(SolutionConfigurationPlatforms) = preSolution
		Debug|Any CPU = Debug|Any CPU
		Release|Any CPU = Release|Any CPU
	EndGlobalSection
	GlobalSection(ProjectConfigurationPlatforms) = postSolution
		{180FE1E0-3698-4BDC-ADEC-F27E97C90B83}.Debug|Any CPU.ActiveCfg = Debug|Any CPU
		{180FE1E0-3698-4BDC-ADEC-F27E97C90B83}.Debug|Any CPU.Build.0 = Debug|Any CPU
		{180FE1E0-3698-4BDC-ADEC-F27E97C90B83}.Release|Any CPU.ActiveCfg = Release|Any CPU
		{180FE1E0-3698-4BDC-ADEC-F27E97C90B83}.Release|Any CPU.Build.0 = Release|Any CPU
	EndGlobalSection
	GlobalSection(SolutionProperties) = preSolution
		HideSolutionNode = FALSE
	EndGlobalSection
	GlobalSection(ExtensibilityGlobals) = postSolution
		SolutionGuid = {399D6695-3A30-493D-86D2-040961E81386}
	EndGlobalSection
EndGlobal
